// !$*UTF8*$!
{
	archiveVersion = 1;
	classes = {
	};
	objectVersion = 50;
	objects = {

/* Begin PBXBuildFile section */
		153887FB25C0B1980058FD73 /* AppDelegate.swift in Sources */ = {isa = PBXBuildFile; fileRef = 153887FA25C0B1980058FD73 /* AppDelegate.swift */; };
		153887FD25C0B1980058FD73 /* SceneDelegate.swift in Sources */ = {isa = PBXBuildFile; fileRef = 153887FC25C0B1980058FD73 /* SceneDelegate.swift */; };
		153887FF25C0B1980058FD73 /* ViewController.swift in Sources */ = {isa = PBXBuildFile; fileRef = 153887FE25C0B1980058FD73 /* ViewController.swift */; };
		1538880225C0B1980058FD73 /* Main.storyboard in Resources */ = {isa = PBXBuildFile; fileRef = 1538880025C0B1980058FD73 /* Main.storyboard */; };
		1538880425C0B1980058FD73 /* Assets.xcassets in Resources */ = {isa = PBXBuildFile; fileRef = 1538880325C0B1980058FD73 /* Assets.xcassets */; };
		1538880725C0B1980058FD73 /* LaunchScreen.storyboard in Resources */ = {isa = PBXBuildFile; fileRef = 1538880525C0B1980058FD73 /* LaunchScreen.storyboard */; };
		1538881225C0B1980058FD73 /* PokedexTests.swift in Sources */ = {isa = PBXBuildFile; fileRef = 1538881125C0B1980058FD73 /* PokedexTests.swift */; };
		1538881D25C0B1980058FD73 /* PokedexUITests.swift in Sources */ = {isa = PBXBuildFile; fileRef = 1538881C25C0B1980058FD73 /* PokedexUITests.swift */; };
/* End PBXBuildFile section */

/* Begin PBXContainerItemProxy section */
		1538880E25C0B1980058FD73 /* PBXContainerItemProxy */ = {
			isa = PBXContainerItemProxy;
			containerPortal = 153887EF25C0B1970058FD73 /* Project object */;
			proxyType = 1;
			remoteGlobalIDString = 153887F625C0B1970058FD73;
			remoteInfo = Pokedex;
		};
		1538881925C0B1980058FD73 /* PBXContainerItemProxy */ = {
			isa = PBXContainerItemProxy;
			containerPortal = 153887EF25C0B1970058FD73 /* Project object */;
			proxyType = 1;
			remoteGlobalIDString = 153887F625C0B1970058FD73;
			remoteInfo = Pokedex;
		};
/* End PBXContainerItemProxy section */

/* Begin PBXFileReference section */
		153887F725C0B1970058FD73 /* Pokedex.app */ = {isa = PBXFileReference; explicitFileType = wrapper.application; includeInIndex = 0; path = Pokedex.app; sourceTree = BUILT_PRODUCTS_DIR; };
		153887FA25C0B1980058FD73 /* AppDelegate.swift */ = {isa = PBXFileReference; lastKnownFileType = sourcecode.swift; path = AppDelegate.swift; sourceTree = "<group>"; };
		153887FC25C0B1980058FD73 /* SceneDelegate.swift */ = {isa = PBXFileReference; lastKnownFileType = sourcecode.swift; path = SceneDelegate.swift; sourceTree = "<group>"; };
		153887FE25C0B1980058FD73 /* ViewController.swift */ = {isa = PBXFileReference; lastKnownFileType = sourcecode.swift; path = ViewController.swift; sourceTree = "<group>"; };
		1538880125C0B1980058FD73 /* Base */ = {isa = PBXFileReference; lastKnownFileType = file.storyboard; name = Base; path = Base.lproj/Main.storyboard; sourceTree = "<group>"; };
		1538880325C0B1980058FD73 /* Assets.xcassets */ = {isa = PBXFileReference; lastKnownFileType = folder.assetcatalog; path = Assets.xcassets; sourceTree = "<group>"; };
		1538880625C0B1980058FD73 /* Base */ = {isa = PBXFileReference; lastKnownFileType = file.storyboard; name = Base; path = Base.lproj/LaunchScreen.storyboard; sourceTree = "<group>"; };
		1538880825C0B1980058FD73 /* Info.plist */ = {isa = PBXFileReference; lastKnownFileType = text.plist.xml; path = Info.plist; sourceTree = "<group>"; };
		1538880D25C0B1980058FD73 /* PokedexTests.xctest */ = {isa = PBXFileReference; explicitFileType = wrapper.cfbundle; includeInIndex = 0; path = PokedexTests.xctest; sourceTree = BUILT_PRODUCTS_DIR; };
		1538881125C0B1980058FD73 /* PokedexTests.swift */ = {isa = PBXFileReference; lastKnownFileType = sourcecode.swift; path = PokedexTests.swift; sourceTree = "<group>"; };
		1538881325C0B1980058FD73 /* Info.plist */ = {isa = PBXFileReference; lastKnownFileType = text.plist.xml; path = Info.plist; sourceTree = "<group>"; };
		1538881825C0B1980058FD73 /* PokedexUITests.xctest */ = {isa = PBXFileReference; explicitFileType = wrapper.cfbundle; includeInIndex = 0; path = PokedexUITests.xctest; sourceTree = BUILT_PRODUCTS_DIR; };
		1538881C25C0B1980058FD73 /* PokedexUITests.swift */ = {isa = PBXFileReference; lastKnownFileType = sourcecode.swift; path = PokedexUITests.swift; sourceTree = "<group>"; };
		1538881E25C0B1980058FD73 /* Info.plist */ = {isa = PBXFileReference; lastKnownFileType = text.plist.xml; path = Info.plist; sourceTree = "<group>"; };
/* End PBXFileReference section */

/* Begin PBXFrameworksBuildPhase section */
		153887F425C0B1970058FD73 /* Frameworks */ = {
			isa = PBXFrameworksBuildPhase;
			buildActionMask = 2147483647;
			files = (
			);
			runOnlyForDeploymentPostprocessing = 0;
		};
		1538880A25C0B1980058FD73 /* Frameworks */ = {
			isa = PBXFrameworksBuildPhase;
			buildActionMask = 2147483647;
			files = (
			);
			runOnlyForDeploymentPostprocessing = 0;
		};
		1538881525C0B1980058FD73 /* Frameworks */ = {
			isa = PBXFrameworksBuildPhase;
			buildActionMask = 2147483647;
			files = (
			);
			runOnlyForDeploymentPostprocessing = 0;
		};
/* End PBXFrameworksBuildPhase section */

/* Begin PBXGroup section */
		153887EE25C0B1970058FD73 = {
			isa = PBXGroup;
			children = (
				153887F925C0B1970058FD73 /* Pokedex */,
				1538881025C0B1980058FD73 /* PokedexTests */,
				1538881B25C0B1980058FD73 /* PokedexUITests */,
				153887F825C0B1970058FD73 /* Products */,
			);
			sourceTree = "<group>";
		};
		153887F825C0B1970058FD73 /* Products */ = {
			isa = PBXGroup;
			children = (
				153887F725C0B1970058FD73 /* Pokedex.app */,
				1538880D25C0B1980058FD73 /* PokedexTests.xctest */,
				1538881825C0B1980058FD73 /* PokedexUITests.xctest */,
			);
			name = Products;
			sourceTree = "<group>";
		};
		153887F925C0B1970058FD73 /* Pokedex */ = {
			isa = PBXGroup;
			children = (
				153887FA25C0B1980058FD73 /* AppDelegate.swift */,
				153887FC25C0B1980058FD73 /* SceneDelegate.swift */,
				153887FE25C0B1980058FD73 /* ViewController.swift */,
				1538880025C0B1980058FD73 /* Main.storyboard */,
				1538880325C0B1980058FD73 /* Assets.xcassets */,
				1538880525C0B1980058FD73 /* LaunchScreen.storyboard */,
				1538880825C0B1980058FD73 /* Info.plist */,
			);
			path = Pokedex;
			sourceTree = "<group>";
		};
		1538881025C0B1980058FD73 /* PokedexTests */ = {
			isa = PBXGroup;
			children = (
				1538881125C0B1980058FD73 /* PokedexTests.swift */,
				1538881325C0B1980058FD73 /* Info.plist */,
			);
			path = PokedexTests;
			sourceTree = "<group>";
		};
		1538881B25C0B1980058FD73 /* PokedexUITests */ = {
			isa = PBXGroup;
			children = (
				1538881C25C0B1980058FD73 /* PokedexUITests.swift */,
				1538881E25C0B1980058FD73 /* Info.plist */,
			);
			path = PokedexUITests;
			sourceTree = "<group>";
		};
/* End PBXGroup section */

/* Begin PBXNativeTarget section */
		153887F625C0B1970058FD73 /* Pokedex */ = {
			isa = PBXNativeTarget;
			buildConfigurationList = 1538882125C0B1980058FD73 /* Build configuration list for PBXNativeTarget "Pokedex" */;
			buildPhases = (
				153887F325C0B1970058FD73 /* Sources */,
				153887F425C0B1970058FD73 /* Frameworks */,
				153887F525C0B1970058FD73 /* Resources */,
			);
			buildRules = (
			);
			dependencies = (
			);
			name = Pokedex;
			productName = Pokedex;
			productReference = 153887F725C0B1970058FD73 /* Pokedex.app */;
			productType = "com.apple.product-type.application";
		};
		1538880C25C0B1980058FD73 /* PokedexTests */ = {
			isa = PBXNativeTarget;
			buildConfigurationList = 1538882425C0B1980058FD73 /* Build configuration list for PBXNativeTarget "PokedexTests" */;
			buildPhases = (
				1538880925C0B1980058FD73 /* Sources */,
				1538880A25C0B1980058FD73 /* Frameworks */,
				1538880B25C0B1980058FD73 /* Resources */,
			);
			buildRules = (
			);
			dependencies = (
				1538880F25C0B1980058FD73 /* PBXTargetDependency */,
			);
			name = PokedexTests;
			productName = PokedexTests;
			productReference = 1538880D25C0B1980058FD73 /* PokedexTests.xctest */;
			productType = "com.apple.product-type.bundle.unit-test";
		};
		1538881725C0B1980058FD73 /* PokedexUITests */ = {
			isa = PBXNativeTarget;
			buildConfigurationList = 1538882725C0B1980058FD73 /* Build configuration list for PBXNativeTarget "PokedexUITests" */;
			buildPhases = (
				1538881425C0B1980058FD73 /* Sources */,
				1538881525C0B1980058FD73 /* Frameworks */,
				1538881625C0B1980058FD73 /* Resources */,
			);
			buildRules = (
			);
			dependencies = (
				1538881A25C0B1980058FD73 /* PBXTargetDependency */,
			);
			name = PokedexUITests;
			productName = PokedexUITests;
			productReference = 1538881825C0B1980058FD73 /* PokedexUITests.xctest */;
			productType = "com.apple.product-type.bundle.ui-testing";
		};
/* End PBXNativeTarget section */

/* Begin PBXProject section */
		153887EF25C0B1970058FD73 /* Project object */ = {
			isa = PBXProject;
			attributes = {
				LastSwiftUpdateCheck = 1230;
				LastUpgradeCheck = 1230;
				TargetAttributes = {
					153887F625C0B1970058FD73 = {
						CreatedOnToolsVersion = 12.3;
					};
					1538880C25C0B1980058FD73 = {
						CreatedOnToolsVersion = 12.3;
						TestTargetID = 153887F625C0B1970058FD73;
					};
					1538881725C0B1980058FD73 = {
						CreatedOnToolsVersion = 12.3;
						TestTargetID = 153887F625C0B1970058FD73;
					};
				};
			};
			buildConfigurationList = 153887F225C0B1970058FD73 /* Build configuration list for PBXProject "Pokedex" */;
			compatibilityVersion = "Xcode 9.3";
			developmentRegion = en;
			hasScannedForEncodings = 0;
			knownRegions = (
				en,
				Base,
			);
			mainGroup = 153887EE25C0B1970058FD73;
			productRefGroup = 153887F825C0B1970058FD73 /* Products */;
			projectDirPath = "";
			projectRoot = "";
			targets = (
				153887F625C0B1970058FD73 /* Pokedex */,
				1538880C25C0B1980058FD73 /* PokedexTests */,
				1538881725C0B1980058FD73 /* PokedexUITests */,
			);
		};
/* End PBXProject section */

/* Begin PBXResourcesBuildPhase section */
		153887F525C0B1970058FD73 /* Resources */ = {
			isa = PBXResourcesBuildPhase;
			buildActionMask = 2147483647;
			files = (
				1538880725C0B1980058FD73 /* LaunchScreen.storyboard in Resources */,
				1538880425C0B1980058FD73 /* Assets.xcassets in Resources */,
				1538880225C0B1980058FD73 /* Main.storyboard in Resources */,
			);
			runOnlyForDeploymentPostprocessing = 0;
		};
		1538880B25C0B1980058FD73 /* Resources */ = {
			isa = PBXResourcesBuildPhase;
			buildActionMask = 2147483647;
			files = (
			);
			runOnlyForDeploymentPostprocessing = 0;
		};
		1538881625C0B1980058FD73 /* Resources */ = {
			isa = PBXResourcesBuildPhase;
			buildActionMask = 2147483647;
			files = (
			);
			runOnlyForDeploymentPostprocessing = 0;
		};
/* End PBXResourcesBuildPhase section */

/* Begin PBXSourcesBuildPhase section */
		153887F325C0B1970058FD73 /* Sources */ = {
			isa = PBXSourcesBuildPhase;
			buildActionMask = 2147483647;
			files = (
				153887FF25C0B1980058FD73 /* ViewController.swift in Sources */,
				153887FB25C0B1980058FD73 /* AppDelegate.swift in Sources */,
				153887FD25C0B1980058FD73 /* SceneDelegate.swift in Sources */,
			);
			runOnlyForDeploymentPostprocessing = 0;
		};
		1538880925C0B1980058FD73 /* Sources */ = {
			isa = PBXSourcesBuildPhase;
			buildActionMask = 2147483647;
			files = (
				1538881225C0B1980058FD73 /* PokedexTests.swift in Sources */,
			);
			runOnlyForDeploymentPostprocessing = 0;
		};
		1538881425C0B1980058FD73 /* Sources */ = {
			isa = PBXSourcesBuildPhase;
			buildActionMask = 2147483647;
			files = (
				1538881D25C0B1980058FD73 /* PokedexUITests.swift in Sources */,
			);
			runOnlyForDeploymentPostprocessing = 0;
		};
/* End PBXSourcesBuildPhase section */

/* Begin PBXTargetDependency section */
		1538880F25C0B1980058FD73 /* PBXTargetDependency */ = {
			isa = PBXTargetDependency;
			target = 153887F625C0B1970058FD73 /* Pokedex */;
			targetProxy = 1538880E25C0B1980058FD73 /* PBXContainerItemProxy */;
		};
		1538881A25C0B1980058FD73 /* PBXTargetDependency */ = {
			isa = PBXTargetDependency;
			target = 153887F625C0B1970058FD73 /* Pokedex */;
			targetProxy = 1538881925C0B1980058FD73 /* PBXContainerItemProxy */;
		};
/* End PBXTargetDependency section */

/* Begin PBXVariantGroup section */
		1538880025C0B1980058FD73 /* Main.storyboard */ = {
			isa = PBXVariantGroup;
			children = (
				1538880125C0B1980058FD73 /* Base */,
			);
			name = Main.storyboard;
			sourceTree = "<group>";
		};
		1538880525C0B1980058FD73 /* LaunchScreen.storyboard */ = {
			isa = PBXVariantGroup;
			children = (
				1538880625C0B1980058FD73 /* Base */,
			);
			name = LaunchScreen.storyboard;
			sourceTree = "<group>";
		};
/* End PBXVariantGroup section */

/* Begin XCBuildConfiguration section */
		1538881F25C0B1980058FD73 /* Debug */ = {
			isa = XCBuildConfiguration;
			buildSettings = {
				ALWAYS_SEARCH_USER_PATHS = NO;
				CLANG_ANALYZER_NONNULL = YES;
				CLANG_ANALYZER_NUMBER_OBJECT_CONVERSION = YES_AGGRESSIVE;
				CLANG_CXX_LANGUAGE_STANDARD = "gnu++14";
				CLANG_CXX_LIBRARY = "libc++";
				CLANG_ENABLE_MODULES = YES;
				CLANG_ENABLE_OBJC_ARC = YES;
				CLANG_ENABLE_OBJC_WEAK = YES;
				CLANG_WARN_BLOCK_CAPTURE_AUTORELEASING = YES;
				CLANG_WARN_BOOL_CONVERSION = YES;
				CLANG_WARN_COMMA = YES;
				CLANG_WARN_CONSTANT_CONVERSION = YES;
				CLANG_WARN_DEPRECATED_OBJC_IMPLEMENTATIONS = YES;
				CLANG_WARN_DIRECT_OBJC_ISA_USAGE = YES_ERROR;
				CLANG_WARN_DOCUMENTATION_COMMENTS = YES;
				CLANG_WARN_EMPTY_BODY = YES;
				CLANG_WARN_ENUM_CONVERSION = YES;
				CLANG_WARN_INFINITE_RECURSION = YES;
				CLANG_WARN_INT_CONVERSION = YES;
				CLANG_WARN_NON_LITERAL_NULL_CONVERSION = YES;
				CLANG_WARN_OBJC_IMPLICIT_RETAIN_SELF = YES;
				CLANG_WARN_OBJC_LITERAL_CONVERSION = YES;
				CLANG_WARN_OBJC_ROOT_CLASS = YES_ERROR;
				CLANG_WARN_QUOTED_INCLUDE_IN_FRAMEWORK_HEADER = YES;
				CLANG_WARN_RANGE_LOOP_ANALYSIS = YES;
				CLANG_WARN_STRICT_PROTOTYPES = YES;
				CLANG_WARN_SUSPICIOUS_MOVE = YES;
				CLANG_WARN_UNGUARDED_AVAILABILITY = YES_AGGRESSIVE;
				CLANG_WARN_UNREACHABLE_CODE = YES;
				CLANG_WARN__DUPLICATE_METHOD_MATCH = YES;
				COPY_PHASE_STRIP = NO;
				DEBUG_INFORMATION_FORMAT = dwarf;
				ENABLE_STRICT_OBJC_MSGSEND = YES;
				ENABLE_TESTABILITY = YES;
				GCC_C_LANGUAGE_STANDARD = gnu11;
				GCC_DYNAMIC_NO_PIC = NO;
				GCC_NO_COMMON_BLOCKS = YES;
				GCC_OPTIMIZATION_LEVEL = 0;
				GCC_PREPROCESSOR_DEFINITIONS = (
					"DEBUG=1",
					"$(inherited)",
				);
				GCC_WARN_64_TO_32_BIT_CONVERSION = YES;
				GCC_WARN_ABOUT_RETURN_TYPE = YES_ERROR;
				GCC_WARN_UNDECLARED_SELECTOR = YES;
				GCC_WARN_UNINITIALIZED_AUTOS = YES_AGGRESSIVE;
				GCC_WARN_UNUSED_FUNCTION = YES;
				GCC_WARN_UNUSED_VARIABLE = YES;
				IPHONEOS_DEPLOYMENT_TARGET = 14.3;
				MTL_ENABLE_DEBUG_INFO = INCLUDE_SOURCE;
				MTL_FAST_MATH = YES;
				ONLY_ACTIVE_ARCH = YES;
				SDKROOT = iphoneos;
				SWIFT_ACTIVE_COMPILATION_CONDITIONS = DEBUG;
				SWIFT_OPTIMIZATION_LEVEL = "-Onone";
			};
			name = Debug;
		};
		1538882025C0B1980058FD73 /* Release */ = {
			isa = XCBuildConfiguration;
			buildSettings = {
				ALWAYS_SEARCH_USER_PATHS = NO;
				CLANG_ANALYZER_NONNULL = YES;
				CLANG_ANALYZER_NUMBER_OBJECT_CONVERSION = YES_AGGRESSIVE;
				CLANG_CXX_LANGUAGE_STANDARD = "gnu++14";
				CLANG_CXX_LIBRARY = "libc++";
				CLANG_ENABLE_MODULES = YES;
				CLANG_ENABLE_OBJC_ARC = YES;
				CLANG_ENABLE_OBJC_WEAK = YES;
				CLANG_WARN_BLOCK_CAPTURE_AUTORELEASING = YES;
				CLANG_WARN_BOOL_CONVERSION = YES;
				CLANG_WARN_COMMA = YES;
				CLANG_WARN_CONSTANT_CONVERSION = YES;
				CLANG_WARN_DEPRECATED_OBJC_IMPLEMENTATIONS = YES;
				CLANG_WARN_DIRECT_OBJC_ISA_USAGE = YES_ERROR;
				CLANG_WARN_DOCUMENTATION_COMMENTS = YES;
				CLANG_WARN_EMPTY_BODY = YES;
				CLANG_WARN_ENUM_CONVERSION = YES;
				CLANG_WARN_INFINITE_RECURSION = YES;
				CLANG_WARN_INT_CONVERSION = YES;
				CLANG_WARN_NON_LITERAL_NULL_CONVERSION = YES;
				CLANG_WARN_OBJC_IMPLICIT_RETAIN_SELF = YES;
				CLANG_WARN_OBJC_LITERAL_CONVERSION = YES;
				CLANG_WARN_OBJC_ROOT_CLASS = YES_ERROR;
				CLANG_WARN_QUOTED_INCLUDE_IN_FRAMEWORK_HEADER = YES;
				CLANG_WARN_RANGE_LOOP_ANALYSIS = YES;
				CLANG_WARN_STRICT_PROTOTYPES = YES;
				CLANG_WARN_SUSPICIOUS_MOVE = YES;
				CLANG_WARN_UNGUARDED_AVAILABILITY = YES_AGGRESSIVE;
				CLANG_WARN_UNREACHABLE_CODE = YES;
				CLANG_WARN__DUPLICATE_METHOD_MATCH = YES;
				COPY_PHASE_STRIP = NO;
				DEBUG_INFORMATION_FORMAT = "dwarf-with-dsym";
				ENABLE_NS_ASSERTIONS = NO;
				ENABLE_STRICT_OBJC_MSGSEND = YES;
				GCC_C_LANGUAGE_STANDARD = gnu11;
				GCC_NO_COMMON_BLOCKS = YES;
				GCC_WARN_64_TO_32_BIT_CONVERSION = YES;
				GCC_WARN_ABOUT_RETURN_TYPE = YES_ERROR;
				GCC_WARN_UNDECLARED_SELECTOR = YES;
				GCC_WARN_UNINITIALIZED_AUTOS = YES_AGGRESSIVE;
				GCC_WARN_UNUSED_FUNCTION = YES;
				GCC_WARN_UNUSED_VARIABLE = YES;
				IPHONEOS_DEPLOYMENT_TARGET = 14.3;
				MTL_ENABLE_DEBUG_INFO = NO;
				MTL_FAST_MATH = YES;
				SDKROOT = iphoneos;
				SWIFT_COMPILATION_MODE = wholemodule;
				SWIFT_OPTIMIZATION_LEVEL = "-O";
				VALIDATE_PRODUCT = YES;
			};
			name = Release;
		};
		1538882225C0B1980058FD73 /* Debug */ = {
			isa = XCBuildConfiguration;
			buildSettings = {
				ASSETCATALOG_COMPILER_APPICON_NAME = AppIcon;
				ASSETCATALOG_COMPILER_GLOBAL_ACCENT_COLOR_NAME = AccentColor;
				CODE_SIGN_STYLE = Automatic;
				DEVELOPMENT_TEAM = J7TJ2ENV2W;
				INFOPLIST_FILE = Pokedex/Info.plist;
				LD_RUNPATH_SEARCH_PATHS = (
					"$(inherited)",
					"@executable_path/Frameworks",
				);
				PRODUCT_BUNDLE_IDENTIFIER = com.ruanvictorreis.Pokedex;
				PRODUCT_NAME = "$(TARGET_NAME)";
				SWIFT_VERSION = 5.0;
				TARGETED_DEVICE_FAMILY = "1,2";
			};
			name = Debug;
		};
		1538882325C0B1980058FD73 /* Release */ = {
			isa = XCBuildConfiguration;
			buildSettings = {
				ASSETCATALOG_COMPILER_APPICON_NAME = AppIcon;
				ASSETCATALOG_COMPILER_GLOBAL_ACCENT_COLOR_NAME = AccentColor;
				CODE_SIGN_STYLE = Automatic;
				DEVELOPMENT_TEAM = J7TJ2ENV2W;
				INFOPLIST_FILE = Pokedex/Info.plist;
				LD_RUNPATH_SEARCH_PATHS = (
					"$(inherited)",
					"@executable_path/Frameworks",
				);
				PRODUCT_BUNDLE_IDENTIFIER = com.ruanvictorreis.Pokedex;
				PRODUCT_NAME = "$(TARGET_NAME)";
				SWIFT_VERSION = 5.0;
				TARGETED_DEVICE_FAMILY = "1,2";
			};
			name = Release;
		};
		1538882525C0B1980058FD73 /* Debug */ = {
			isa = XCBuildConfiguration;
			buildSettings = {
				ALWAYS_EMBED_SWIFT_STANDARD_LIBRARIES = YES;
				BUNDLE_LOADER = "$(TEST_HOST)";
				CODE_SIGN_STYLE = Automatic;
				DEVELOPMENT_TEAM = J7TJ2ENV2W;
				INFOPLIST_FILE = PokedexTests/Info.plist;
				IPHONEOS_DEPLOYMENT_TARGET = 14.3;
				LD_RUNPATH_SEARCH_PATHS = (
					"$(inherited)",
					"@executable_path/Frameworks",
					"@loader_path/Frameworks",
				);
				PRODUCT_BUNDLE_IDENTIFIER = com.ruanvictorreis.PokedexTests;
				PRODUCT_NAME = "$(TARGET_NAME)";
				SWIFT_VERSION = 5.0;
				TARGETED_DEVICE_FAMILY = "1,2";
				TEST_HOST = "$(BUILT_PRODUCTS_DIR)/Pokedex.app/Pokedex";
			};
			name = Debug;
		};
		1538882625C0B1980058FD73 /* Release */ = {
			isa = XCBuildConfiguration;
			buildSettings = {
				ALWAYS_EMBED_SWIFT_STANDARD_LIBRARIES = YES;
				BUNDLE_LOADER = "$(TEST_HOST)";
				CODE_SIGN_STYLE = Automatic;
				DEVELOPMENT_TEAM = J7TJ2ENV2W;
				INFOPLIST_FILE = PokedexTests/Info.plist;
				IPHONEOS_DEPLOYMENT_TARGET = 14.3;
				LD_RUNPATH_SEARCH_PATHS = (
					"$(inherited)",
					"@executable_path/Frameworks",
					"@loader_path/Frameworks",
				);
				PRODUCT_BUNDLE_IDENTIFIER = com.ruanvictorreis.PokedexTests;
				PRODUCT_NAME = "$(TARGET_NAME)";
				SWIFT_VERSION = 5.0;
				TARGETED_DEVICE_FAMILY = "1,2";
				TEST_HOST = "$(BUILT_PRODUCTS_DIR)/Pokedex.app/Pokedex";
			};
			name = Release;
		};
		1538882825C0B1980058FD73 /* Debug */ = {
			isa = XCBuildConfiguration;
			buildSettings = {
				ALWAYS_EMBED_SWIFT_STANDARD_LIBRARIES = YES;
				CODE_SIGN_STYLE = Automatic;
				DEVELOPMENT_TEAM = J7TJ2ENV2W;
				INFOPLIST_FILE = PokedexUITests/Info.plist;
				LD_RUNPATH_SEARCH_PATHS = (
					"$(inherited)",
					"@executable_path/Frameworks",
					"@loader_path/Frameworks",
				);
				PRODUCT_BUNDLE_IDENTIFIER = com.ruanvictorreis.PokedexUITests;
				PRODUCT_NAME = "$(TARGET_NAME)";
				SWIFT_VERSION = 5.0;
				TARGETED_DEVICE_FAMILY = "1,2";
				TEST_TARGET_NAME = Pokedex;
			};
			name = Debug;
		};
		1538882925C0B1980058FD73 /* Release */ = {
			isa = XCBuildConfiguration;
			buildSettings = {
				ALWAYS_EMBED_SWIFT_STANDARD_LIBRARIES = YES;
				CODE_SIGN_STYLE = Automatic;
				DEVELOPMENT_TEAM = J7TJ2ENV2W;
				INFOPLIST_FILE = PokedexUITests/Info.plist;
				LD_RUNPATH_SEARCH_PATHS = (
					"$(inherited)",
					"@executable_path/Frameworks",
					"@loader_path/Frameworks",
				);
				PRODUCT_BUNDLE_IDENTIFIER = com.ruanvictorreis.PokedexUITests;
				PRODUCT_NAME = "$(TARGET_NAME)";
				SWIFT_VERSION = 5.0;
				TARGETED_DEVICE_FAMILY = "1,2";
				TEST_TARGET_NAME = Pokedex;
			};
			name = Release;
		};
/* End XCBuildConfiguration section */

/* Begin XCConfigurationList section */
		153887F225C0B1970058FD73 /* Build configuration list for PBXProject "Pokedex" */ = {
			isa = XCConfigurationList;
			buildConfigurations = (
				1538881F25C0B1980058FD73 /* Debug */,
				1538882025C0B1980058FD73 /* Release */,
			);
			defaultConfigurationIsVisible = 0;
			defaultConfigurationName = Release;
		};
		1538882125C0B1980058FD73 /* Build configuration list for PBXNativeTarget "Pokedex" */ = {
			isa = XCConfigurationList;
			buildConfigurations = (
				1538882225C0B1980058FD73 /* Debug */,
				1538882325C0B1980058FD73 /* Release */,
			);
			defaultConfigurationIsVisible = 0;
			defaultConfigurationName = Release;
		};
		1538882425C0B1980058FD73 /* Build configuration list for PBXNativeTarget "PokedexTests" */ = {
			isa = XCConfigurationList;
			buildConfigurations = (
				1538882525C0B1980058FD73 /* Debug */,
				1538882625C0B1980058FD73 /* Release */,
			);
			defaultConfigurationIsVisible = 0;
			defaultConfigurationName = Release;
		};
		1538882725C0B1980058FD73 /* Build configuration list for PBXNativeTarget "PokedexUITests" */ = {
			isa = XCConfigurationList;
			buildConfigurations = (
				1538882825C0B1980058FD73 /* Debug */,
				1538882925C0B1980058FD73 /* Release */,
			);
			defaultConfigurationIsVisible = 0;
			defaultConfigurationName = Release;
		};
/* End XCConfigurationList section */
	};
	rootObject = 153887EF25C0B1970058FD73 /* Project object */;
}
